
Microsoft Visual Studio Solution File, Format Version 12.00
# Visual Studio Version 17
VisualStudioVersion = 17.1.32210.238
MinimumVisualStudioVersion = 10.0.40219.1
Project("{FAE04EC0-301F-11D3-BF4B-00C04F79EFBC}") = "Classe2.Exercicio1", "src\Classe2.Exercicio1\Classe2.Exercicio1.csproj", "{370D9402-54D8-4944-AA3A-78795BDD1FF2}"
EndProject
Project("{FAE04EC0-301F-11D3-BF4B-00C04F79EFBC}") = "Classe2.Sistema", "src\Classe2.Sistema\Classe2.Sistema.csproj", "{65CE6987-487D-4D30-9658-98F99F4B0B84}"
EndProject
Global
	GlobalSection(SolutionConfigurationPlatforms) = preSolution
		Debug|Any CPU = Debug|Any CPU
		Release|Any CPU = Release|Any CPU
	EndGlobalSection
	GlobalSection(ProjectConfigurationPlatforms) = postSolution
		{370D9402-54D8-4944-AA3A-78795BDD1FF2}.Debug|Any CPU.ActiveCfg = Debug|Any CPU
		{370D9402-54D8-4944-AA3A-78795BDD1FF2}.Debug|Any CPU.Build.0 = Debug|Any CPU
		{370D9402-54D8-4944-AA3A-78795BDD1FF2}.Release|Any CPU.ActiveCfg = Release|Any CPU
		{370D9402-54D8-4944-AA3A-78795BDD1FF2}.Release|Any CPU.Build.0 = Release|Any CPU
		{65CE6987-487D-4D30-9658-98F99F4B0B84}.Debug|Any CPU.ActiveCfg = Debug|Any CPU
		{65CE6987-487D-4D30-9658-98F99F4B0B84}.Debug|Any CPU.Build.0 = Debug|Any CPU
		{65CE6987-487D-4D30-9658-98F99F4B0B84}.Release|Any CPU.ActiveCfg = Release|Any CPU
		{65CE6987-487D-4D30-9658-98F99F4B0B84}.Release|Any CPU.Build.0 = Release|Any CPU
	EndGlobalSection
	GlobalSection(SolutionProperties) = preSolution
		HideSolutionNode = FALSE
	EndGlobalSection
	GlobalSection(ExtensibilityGlobals) = postSolution
		SolutionGuid = {22CA0E6F-427A-41F5-B811-E50397D42D23}
	EndGlobalSection
EndGlobal
